
Microsoft Visual Studio Solution File, Format Version 12.00
# Visual Studio Version 16
VisualStudioVersion = 16.0.30011.22
MinimumVisualStudioVersion = 10.0.40219.1
Project("{8BC9CEB8-8B4A-11D0-8D11-00A0C91BC942}") = "MMC_NoParallel", "MMC_NoParallel.vcxproj", "{4FAD411C-E292-47A8-AA9C-33C6B304C3DB}"
EndProject
Global
	GlobalSection(SolutionConfigurationPlatforms) = preSolution
		Debug|x64 = Debug|x64
		Debug|x86 = Debug|x86
		Release|x64 = Release|x64
		Release|x86 = Release|x86
	EndGlobalSection
	GlobalSection(ProjectConfigurationPlatforms) = postSolution
		{4FAD411C-E292-47A8-AA9C-33C6B304C3DB}.Debug|x64.ActiveCfg = Debug|x64
		{4FAD411C-E292-47A8-AA9C-33C6B304C3DB}.Debug|x64.Build.0 = Debug|x64
		{4FAD411C-E292-47A8-AA9C-33C6B304C3DB}.Debug|x86.ActiveCfg = Debug|Win32
		{4FAD411C-E292-47A8-AA9C-33C6B304C3DB}.Debug|x86.Build.0 = Debug|Win32
		{4FAD411C-E292-47A8-AA9C-33C6B304C3DB}.Release|x64.ActiveCfg = Release|x64
		{4FAD411C-E292-47A8-AA9C-33C6B304C3DB}.Release|x64.Build.0 = Release|x64
		{4FAD411C-E292-47A8-AA9C-33C6B304C3DB}.Release|x86.ActiveCfg = Release|Win32
		{4FAD411C-E292-47A8-AA9C-33C6B304C3DB}.Release|x86.Build.0 = Release|Win32
	EndGlobalSection
	GlobalSection(SolutionProperties) = preSolution
		HideSolutionNode = FALSE
	EndGlobalSection
	GlobalSection(ExtensibilityGlobals) = postSolution
		SolutionGuid = {4C4238BC-E6D5-4FA1-A4F1-0E567528124F}
	EndGlobalSection
EndGlobal
